// !$*UTF8*$!
{
	archiveVersion = 1;
	classes = {
	};
	objectVersion = 50;
	objects = {

/* Begin PBXBuildFile section */
		A14DEF6C24A194EC00890859 /* 그룹 1.png in Resources */ = {isa = PBXBuildFile; fileRef = A14DEF6B24A194EC00890859 /* 그룹 1.png */; };
		A14DEF7024A196B000890859 /* 상권검색.png in Resources */ = {isa = PBXBuildFile; fileRef = A14DEF6D24A196B000890859 /* 상권검색.png */; };
		A14DEF7124A196B000890859 /* 마이메뉴.png in Resources */ = {isa = PBXBuildFile; fileRef = A14DEF6E24A196B000890859 /* 마이메뉴.png */; };
		A14DEF7224A196B000890859 /* 북마크.png in Resources */ = {isa = PBXBuildFile; fileRef = A14DEF6F24A196B000890859 /* 북마크.png */; };
		A14DEF7524A197DA00890859 /* 지역검색.png in Resources */ = {isa = PBXBuildFile; fileRef = A14DEF7324A197DA00890859 /* 지역검색.png */; };
		A14DEF7624A197DA00890859 /* 찾고 싶은 지역을 아래 Picker View에서 선택해주세요_ .png in Resources */ = {isa = PBXBuildFile; fileRef = A14DEF7424A197DA00890859 /* 찾고 싶은 지역을 아래 Picker View에서 선택해주세요_ .png */; };
		A14DEF7824A1992D00890859 /* 상권이미지.png in Resources */ = {isa = PBXBuildFile; fileRef = A14DEF7724A1992D00890859 /* 상권이미지.png */; };
		A14DEF7E24A19B1D00890859 /* GmarketSansTTFBold.ttf in Resources */ = {isa = PBXBuildFile; fileRef = A14DEF7C24A19A6300890859 /* GmarketSansTTFBold.ttf */; };
		A14DEF7F24A19B2000890859 /* GmarketSansTTFLight.ttf in Resources */ = {isa = PBXBuildFile; fileRef = A14DEF7D24A19A6300890859 /* GmarketSansTTFLight.ttf */; };
		A14DEF8024A19B2200890859 /* GmarketSansTTFMedium.ttf in Resources */ = {isa = PBXBuildFile; fileRef = A14DEF7B24A19A6300890859 /* GmarketSansTTFMedium.ttf */; };
		A14DEF8224A1A13D00890859 /* 상권이미지2.png in Resources */ = {isa = PBXBuildFile; fileRef = A14DEF8124A1A13D00890859 /* 상권이미지2.png */; };
		A14DEF8424A1A4BB00890859 /* 상권 상세 목록 검색.png in Resources */ = {isa = PBXBuildFile; fileRef = A14DEF8324A1A4BB00890859 /* 상권 상세 목록 검색.png */; };
		A14DEF8624A1AA4000890859 /* MonthlyRevenueViewController.swift in Sources */ = {isa = PBXBuildFile; fileRef = A14DEF8524A1AA4000890859 /* MonthlyRevenueViewController.swift */; };
		A14DEF8824A1BE8200890859 /* ImageInstallViewController.swift in Sources */ = {isa = PBXBuildFile; fileRef = A14DEF8724A1BE8200890859 /* ImageInstallViewController.swift */; };
		A156B561248E8EDF007063E4 /* StoreTableViewController.swift in Sources */ = {isa = PBXBuildFile; fileRef = A156B560248E8EDF007063E4 /* StoreTableViewController.swift */; };
		A156B563248E974F007063E4 /* StoreSearchViewController.swift in Sources */ = {isa = PBXBuildFile; fileRef = A156B562248E974F007063E4 /* StoreSearchViewController.swift */; };
		A1785D23249222EC006FEB9B /* DetailStoreWideViewController.swift in Sources */ = {isa = PBXBuildFile; fileRef = A1785D22249222EC006FEB9B /* DetailStoreWideViewController.swift */; };
		A1785D2724924708006FEB9B /* DetailStoreInAreaTableViewController.swift in Sources */ = {isa = PBXBuildFile; fileRef = A1785D2624924708006FEB9B /* DetailStoreInAreaTableViewController.swift */; };
		A1785D29249251D9006FEB9B /* StoreInAreaMapViewController.swift in Sources */ = {isa = PBXBuildFile; fileRef = A1785D28249251D9006FEB9B /* StoreInAreaMapViewController.swift */; };
		A1785D2C24925299006FEB9B /* StoreArea.swift in Sources */ = {isa = PBXBuildFile; fileRef = A1785D2B24925299006FEB9B /* StoreArea.swift */; };
		A1785D2E249252AD006FEB9B /* Artworks.swift in Sources */ = {isa = PBXBuildFile; fileRef = A1785D2D249252AD006FEB9B /* Artworks.swift */; };
		A1785D3224948C21006FEB9B /* StopWatchViewController.swift in Sources */ = {isa = PBXBuildFile; fileRef = A1785D3124948C21006FEB9B /* StopWatchViewController.swift */; };
		A1785D342494E596006FEB9B /* MyMenuViewController.swift in Sources */ = {isa = PBXBuildFile; fileRef = A1785D332494E596006FEB9B /* MyMenuViewController.swift */; };
		A1785D362494EC19006FEB9B /* classmymenu.swift in Sources */ = {isa = PBXBuildFile; fileRef = A1785D352494EC19006FEB9B /* classmymenu.swift */; };
		A1DF49A7249B879100548C3C /* SearchURL.swift in Sources */ = {isa = PBXBuildFile; fileRef = A1DF49A6249B879100548C3C /* SearchURL.swift */; };
		A1E4D6B32487287D00E6B045 /* AppDelegate.swift in Sources */ = {isa = PBXBuildFile; fileRef = A1E4D6B22487287D00E6B045 /* AppDelegate.swift */; };
		A1E4D6B52487287D00E6B045 /* SceneDelegate.swift in Sources */ = {isa = PBXBuildFile; fileRef = A1E4D6B42487287D00E6B045 /* SceneDelegate.swift */; };
		A1E4D6B72487287D00E6B045 /* ViewController.swift in Sources */ = {isa = PBXBuildFile; fileRef = A1E4D6B62487287D00E6B045 /* ViewController.swift */; };
		A1E4D6BA2487287D00E6B045 /* Main.storyboard in Resources */ = {isa = PBXBuildFile; fileRef = A1E4D6B82487287D00E6B045 /* Main.storyboard */; };
		A1E4D6BC2487287E00E6B045 /* Assets.xcassets in Resources */ = {isa = PBXBuildFile; fileRef = A1E4D6BB2487287E00E6B045 /* Assets.xcassets */; };
		A1E4D6BF2487287E00E6B045 /* LaunchScreen.storyboard in Resources */ = {isa = PBXBuildFile; fileRef = A1E4D6BD2487287E00E6B045 /* LaunchScreen.storyboard */; };
/* End PBXBuildFile section */

/* Begin PBXFileReference section */
		A14DEF6B24A194EC00890859 /* 그룹 1.png */ = {isa = PBXFileReference; lastKnownFileType = image.png; path = "그룹 1.png"; sourceTree = "<group>"; };
		A14DEF6D24A196B000890859 /* 상권검색.png */ = {isa = PBXFileReference; lastKnownFileType = image.png; path = "상권검색.png"; sourceTree = "<group>"; };
		A14DEF6E24A196B000890859 /* 마이메뉴.png */ = {isa = PBXFileReference; lastKnownFileType = image.png; path = "마이메뉴.png"; sourceTree = "<group>"; };
		A14DEF6F24A196B000890859 /* 북마크.png */ = {isa = PBXFileReference; lastKnownFileType = image.png; path = "북마크.png"; sourceTree = "<group>"; };
		A14DEF7324A197DA00890859 /* 지역검색.png */ = {isa = PBXFileReference; lastKnownFileType = image.png; path = "지역검색.png"; sourceTree = "<group>"; };
		A14DEF7424A197DA00890859 /* 찾고 싶은 지역을 아래 Picker View에서 선택해주세요_ .png */ = {isa = PBXFileReference; lastKnownFileType = image.png; path = "찾고 싶은 지역을 아래 Picker View에서 선택해주세요_ .png"; sourceTree = "<group>"; };
		A14DEF7724A1992D00890859 /* 상권이미지.png */ = {isa = PBXFileReference; lastKnownFileType = image.png; path = "상권이미지.png"; sourceTree = "<group>"; };
		A14DEF7B24A19A6300890859 /* GmarketSansTTFMedium.ttf */ = {isa = PBXFileReference; lastKnownFileType = file; path = GmarketSansTTFMedium.ttf; sourceTree = "<group>"; };
		A14DEF7C24A19A6300890859 /* GmarketSansTTFBold.ttf */ = {isa = PBXFileReference; lastKnownFileType = file; path = GmarketSansTTFBold.ttf; sourceTree = "<group>"; };
		A14DEF7D24A19A6300890859 /* GmarketSansTTFLight.ttf */ = {isa = PBXFileReference; lastKnownFileType = file; path = GmarketSansTTFLight.ttf; sourceTree = "<group>"; };
		A14DEF8124A1A13D00890859 /* 상권이미지2.png */ = {isa = PBXFileReference; lastKnownFileType = image.png; path = "상권이미지2.png"; sourceTree = "<group>"; };
		A14DEF8324A1A4BB00890859 /* 상권 상세 목록 검색.png */ = {isa = PBXFileReference; lastKnownFileType = image.png; path = "상권 상세 목록 검색.png"; sourceTree = "<group>"; };
		A14DEF8524A1AA4000890859 /* MonthlyRevenueViewController.swift */ = {isa = PBXFileReference; lastKnownFileType = sourcecode.swift; path = MonthlyRevenueViewController.swift; sourceTree = "<group>"; };
		A14DEF8724A1BE8200890859 /* ImageInstallViewController.swift */ = {isa = PBXFileReference; lastKnownFileType = sourcecode.swift; path = ImageInstallViewController.swift; sourceTree = "<group>"; };
		A156B560248E8EDF007063E4 /* StoreTableViewController.swift */ = {isa = PBXFileReference; lastKnownFileType = sourcecode.swift; path = StoreTableViewController.swift; sourceTree = "<group>"; };
		A156B562248E974F007063E4 /* StoreSearchViewController.swift */ = {isa = PBXFileReference; lastKnownFileType = sourcecode.swift; path = StoreSearchViewController.swift; sourceTree = "<group>"; };
		A1785D22249222EC006FEB9B /* DetailStoreWideViewController.swift */ = {isa = PBXFileReference; lastKnownFileType = sourcecode.swift; path = DetailStoreWideViewController.swift; sourceTree = "<group>"; };
		A1785D2624924708006FEB9B /* DetailStoreInAreaTableViewController.swift */ = {isa = PBXFileReference; fileEncoding = 4; lastKnownFileType = sourcecode.swift; path = DetailStoreInAreaTableViewController.swift; sourceTree = "<group>"; };
		A1785D28249251D9006FEB9B /* StoreInAreaMapViewController.swift */ = {isa = PBXFileReference; lastKnownFileType = sourcecode.swift; path = StoreInAreaMapViewController.swift; sourceTree = "<group>"; };
		A1785D2B24925299006FEB9B /* StoreArea.swift */ = {isa = PBXFileReference; lastKnownFileType = sourcecode.swift; path = StoreArea.swift; sourceTree = "<group>"; };
		A1785D2D249252AD006FEB9B /* Artworks.swift */ = {isa = PBXFileReference; lastKnownFileType = sourcecode.swift; path = Artworks.swift; sourceTree = "<group>"; };
		A1785D3124948C21006FEB9B /* StopWatchViewController.swift */ = {isa = PBXFileReference; lastKnownFileType = sourcecode.swift; path = StopWatchViewController.swift; sourceTree = "<group>"; };
		A1785D332494E596006FEB9B /* MyMenuViewController.swift */ = {isa = PBXFileReference; lastKnownFileType = sourcecode.swift; path = MyMenuViewController.swift; sourceTree = "<group>"; };
		A1785D352494EC19006FEB9B /* classmymenu.swift */ = {isa = PBXFileReference; lastKnownFileType = sourcecode.swift; path = classmymenu.swift; sourceTree = "<group>"; };
		A1DF49A6249B879100548C3C /* SearchURL.swift */ = {isa = PBXFileReference; lastKnownFileType = sourcecode.swift; path = SearchURL.swift; sourceTree = "<group>"; };
		A1E4D6AF2487287D00E6B045 /* KJY_TermProject.app */ = {isa = PBXFileReference; explicitFileType = wrapper.application; includeInIndex = 0; path = KJY_TermProject.app; sourceTree = BUILT_PRODUCTS_DIR; };
		A1E4D6B22487287D00E6B045 /* AppDelegate.swift */ = {isa = PBXFileReference; lastKnownFileType = sourcecode.swift; path = AppDelegate.swift; sourceTree = "<group>"; };
		A1E4D6B42487287D00E6B045 /* SceneDelegate.swift */ = {isa = PBXFileReference; lastKnownFileType = sourcecode.swift; path = SceneDelegate.swift; sourceTree = "<group>"; };
		A1E4D6B62487287D00E6B045 /* ViewController.swift */ = {isa = PBXFileReference; lastKnownFileType = sourcecode.swift; path = ViewController.swift; sourceTree = "<group>"; };
		A1E4D6B92487287D00E6B045 /* Base */ = {isa = PBXFileReference; lastKnownFileType = file.storyboard; name = Base; path = Base.lproj/Main.storyboard; sourceTree = "<group>"; };
		A1E4D6BB2487287E00E6B045 /* Assets.xcassets */ = {isa = PBXFileReference; lastKnownFileType = folder.assetcatalog; path = Assets.xcassets; sourceTree = "<group>"; };
		A1E4D6BE2487287E00E6B045 /* Base */ = {isa = PBXFileReference; lastKnownFileType = file.storyboard; name = Base; path = Base.lproj/LaunchScreen.storyboard; sourceTree = "<group>"; };
		A1E4D6C02487287E00E6B045 /* Info.plist */ = {isa = PBXFileReference; lastKnownFileType = text.plist.xml; path = Info.plist; sourceTree = "<group>"; };
/* End PBXFileReference section */

/* Begin PBXFrameworksBuildPhase section */
		A1E4D6AC2487287D00E6B045 /* Frameworks */ = {
			isa = PBXFrameworksBuildPhase;
			buildActionMask = 2147483647;
			files = (
			);
			runOnlyForDeploymentPostprocessing = 0;
		};
/* End PBXFrameworksBuildPhase section */

/* Begin PBXGroup section */
		A14DEF6A24A194DA00890859 /* New Group */ = {
			isa = PBXGroup;
			children = (
				A14DEF6E24A196B000890859 /* 마이메뉴.png */,
				A14DEF6F24A196B000890859 /* 북마크.png */,
				A14DEF6D24A196B000890859 /* 상권검색.png */,
				A14DEF6B24A194EC00890859 /* 그룹 1.png */,
				A14DEF7324A197DA00890859 /* 지역검색.png */,
				A14DEF7424A197DA00890859 /* 찾고 싶은 지역을 아래 Picker View에서 선택해주세요_ .png */,
				A14DEF7724A1992D00890859 /* 상권이미지.png */,
				A14DEF7C24A19A6300890859 /* GmarketSansTTFBold.ttf */,
				A14DEF7D24A19A6300890859 /* GmarketSansTTFLight.ttf */,
				A14DEF7B24A19A6300890859 /* GmarketSansTTFMedium.ttf */,
				A14DEF8124A1A13D00890859 /* 상권이미지2.png */,
				A14DEF8324A1A4BB00890859 /* 상권 상세 목록 검색.png */,
			);
			path = "New Group";
			sourceTree = "<group>";
		};
		A1785D2A24925284006FEB9B /* Mapkit */ = {
			isa = PBXGroup;
			children = (
				A1785D2B24925299006FEB9B /* StoreArea.swift */,
				A1785D2D249252AD006FEB9B /* Artworks.swift */,
			);
			path = Mapkit;
			sourceTree = "<group>";
		};
		A1E4D6A62487287D00E6B045 = {
			isa = PBXGroup;
			children = (
				A1E4D6B12487287D00E6B045 /* KJY_TermProject */,
				A1E4D6B02487287D00E6B045 /* Products */,
			);
			sourceTree = "<group>";
		};
		A1E4D6B02487287D00E6B045 /* Products */ = {
			isa = PBXGroup;
			children = (
				A1E4D6AF2487287D00E6B045 /* KJY_TermProject.app */,
			);
			name = Products;
			sourceTree = "<group>";
		};
		A1E4D6B12487287D00E6B045 /* KJY_TermProject */ = {
			isa = PBXGroup;
			children = (
				A14DEF6A24A194DA00890859 /* New Group */,
				A1785D2A24925284006FEB9B /* Mapkit */,
				A1785D2624924708006FEB9B /* DetailStoreInAreaTableViewController.swift */,
				A1E4D6B22487287D00E6B045 /* AppDelegate.swift */,
				A1E4D6B42487287D00E6B045 /* SceneDelegate.swift */,
				A1E4D6B62487287D00E6B045 /* ViewController.swift */,
				A1E4D6B82487287D00E6B045 /* Main.storyboard */,
				A1E4D6BB2487287E00E6B045 /* Assets.xcassets */,
				A1E4D6BD2487287E00E6B045 /* LaunchScreen.storyboard */,
				A1E4D6C02487287E00E6B045 /* Info.plist */,
				A156B560248E8EDF007063E4 /* StoreTableViewController.swift */,
				A156B562248E974F007063E4 /* StoreSearchViewController.swift */,
				A1785D22249222EC006FEB9B /* DetailStoreWideViewController.swift */,
				A1785D28249251D9006FEB9B /* StoreInAreaMapViewController.swift */,
				A1785D3124948C21006FEB9B /* StopWatchViewController.swift */,
				A1785D332494E596006FEB9B /* MyMenuViewController.swift */,
				A1785D352494EC19006FEB9B /* classmymenu.swift */,
				A1DF49A6249B879100548C3C /* SearchURL.swift */,
				A14DEF8524A1AA4000890859 /* MonthlyRevenueViewController.swift */,
				A14DEF8724A1BE8200890859 /* ImageInstallViewController.swift */,
			);
			path = KJY_TermProject;
			sourceTree = "<group>";
		};
/* End PBXGroup section */

/* Begin PBXNativeTarget section */
		A1E4D6AE2487287D00E6B045 /* KJY_TermProject */ = {
			isa = PBXNativeTarget;
			buildConfigurationList = A1E4D6C32487287E00E6B045 /* Build configuration list for PBXNativeTarget "KJY_TermProject" */;
			buildPhases = (
				A1E4D6AB2487287D00E6B045 /* Sources */,
				A1E4D6AC2487287D00E6B045 /* Frameworks */,
				A1E4D6AD2487287D00E6B045 /* Resources */,
			);
			buildRules = (
			);
			dependencies = (
			);
			name = KJY_TermProject;
			productName = KJY_TermProject;
			productReference = A1E4D6AF2487287D00E6B045 /* KJY_TermProject.app */;
			productType = "com.apple.product-type.application";
		};
/* End PBXNativeTarget section */

/* Begin PBXProject section */
		A1E4D6A72487287D00E6B045 /* Project object */ = {
			isa = PBXProject;
			attributes = {
				LastSwiftUpdateCheck = 1150;
				LastUpgradeCheck = 1150;
				ORGANIZATIONNAME = KimJiYeong;
				TargetAttributes = {
					A1E4D6AE2487287D00E6B045 = {
						CreatedOnToolsVersion = 11.5;
					};
				};
			};
			buildConfigurationList = A1E4D6AA2487287D00E6B045 /* Build configuration list for PBXProject "KJY_TermProject" */;
			compatibilityVersion = "Xcode 9.3";
			developmentRegion = en;
			hasScannedForEncodings = 0;
			knownRegions = (
				en,
				Base,
			);
			mainGroup = A1E4D6A62487287D00E6B045;
			productRefGroup = A1E4D6B02487287D00E6B045 /* Products */;
			projectDirPath = "";
			projectRoot = "";
			targets = (
				A1E4D6AE2487287D00E6B045 /* KJY_TermProject */,
			);
		};
/* End PBXProject section */

/* Begin PBXResourcesBuildPhase section */
		A1E4D6AD2487287D00E6B045 /* Resources */ = {
			isa = PBXResourcesBuildPhase;
			buildActionMask = 2147483647;
			files = (
				A1E4D6BF2487287E00E6B045 /* LaunchScreen.storyboard in Resources */,
				A14DEF6C24A194EC00890859 /* 그룹 1.png in Resources */,
				A14DEF8224A1A13D00890859 /* 상권이미지2.png in Resources */,
				A14DEF7624A197DA00890859 /* 찾고 싶은 지역을 아래 Picker View에서 선택해주세요_ .png in Resources */,
				A14DEF7124A196B000890859 /* 마이메뉴.png in Resources */,
				A14DEF7224A196B000890859 /* 북마크.png in Resources */,
				A14DEF7524A197DA00890859 /* 지역검색.png in Resources */,
				A1E4D6BC2487287E00E6B045 /* Assets.xcassets in Resources */,
				A14DEF7E24A19B1D00890859 /* GmarketSansTTFBold.ttf in Resources */,
				A14DEF8424A1A4BB00890859 /* 상권 상세 목록 검색.png in Resources */,
				A14DEF7824A1992D00890859 /* 상권이미지.png in Resources */,
				A14DEF7F24A19B2000890859 /* GmarketSansTTFLight.ttf in Resources */,
				A14DEF7024A196B000890859 /* 상권검색.png in Resources */,
				A1E4D6BA2487287D00E6B045 /* Main.storyboard in Resources */,
				A14DEF8024A19B2200890859 /* GmarketSansTTFMedium.ttf in Resources */,
			);
			runOnlyForDeploymentPostprocessing = 0;
		};
/* End PBXResourcesBuildPhase section */

/* Begin PBXSourcesBuildPhase section */
		A1E4D6AB2487287D00E6B045 /* Sources */ = {
			isa = PBXSourcesBuildPhase;
			buildActionMask = 2147483647;
			files = (
				A1785D2E249252AD006FEB9B /* Artworks.swift in Sources */,
				A1E4D6B72487287D00E6B045 /* ViewController.swift in Sources */,
				A14DEF8624A1AA4000890859 /* MonthlyRevenueViewController.swift in Sources */,
				A1785D362494EC19006FEB9B /* classmymenu.swift in Sources */,
				A1DF49A7249B879100548C3C /* SearchURL.swift in Sources */,
				A156B561248E8EDF007063E4 /* StoreTableViewController.swift in Sources */,
				A1785D342494E596006FEB9B /* MyMenuViewController.swift in Sources */,
				A1785D2724924708006FEB9B /* DetailStoreInAreaTableViewController.swift in Sources */,
				A14DEF8824A1BE8200890859 /* ImageInstallViewController.swift in Sources */,
				A1785D29249251D9006FEB9B /* StoreInAreaMapViewController.swift in Sources */,
				A1785D3224948C21006FEB9B /* StopWatchViewController.swift in Sources */,
				A1E4D6B32487287D00E6B045 /* AppDelegate.swift in Sources */,
				A156B563248E974F007063E4 /* StoreSearchViewController.swift in Sources */,
				A1785D2C24925299006FEB9B /* StoreArea.swift in Sources */,
				A1785D23249222EC006FEB9B /* DetailStoreWideViewController.swift in Sources */,
				A1E4D6B52487287D00E6B045 /* SceneDelegate.swift in Sources */,
			);
			runOnlyForDeploymentPostprocessing = 0;
		};
/* End PBXSourcesBuildPhase section */

/* Begin PBXVariantGroup section */
		A1E4D6B82487287D00E6B045 /* Main.storyboard */ = {
			isa = PBXVariantGroup;
			children = (
				A1E4D6B92487287D00E6B045 /* Base */,
			);
			name = Main.storyboard;
			sourceTree = "<group>";
		};
		A1E4D6BD2487287E00E6B045 /* LaunchScreen.storyboard */ = {
			isa = PBXVariantGroup;
			children = (
				A1E4D6BE2487287E00E6B045 /* Base */,
			);
			name = LaunchScreen.storyboard;
			sourceTree = "<group>";
		};
/* End PBXVariantGroup section */

/* Begin XCBuildConfiguration section */
		A1E4D6C12487287E00E6B045 /* Debug */ = {
			isa = XCBuildConfiguration;
			buildSettings = {
				ALWAYS_SEARCH_USER_PATHS = NO;
				CLANG_ANALYZER_NONNULL = YES;
				CLANG_ANALYZER_NUMBER_OBJECT_CONVERSION = YES_AGGRESSIVE;
				CLANG_CXX_LANGUAGE_STANDARD = "gnu++14";
				CLANG_CXX_LIBRARY = "libc++";
				CLANG_ENABLE_MODULES = YES;
				CLANG_ENABLE_OBJC_ARC = YES;
				CLANG_ENABLE_OBJC_WEAK = YES;
				CLANG_WARN_BLOCK_CAPTURE_AUTORELEASING = YES;
				CLANG_WARN_BOOL_CONVERSION = YES;
				CLANG_WARN_COMMA = YES;
				CLANG_WARN_CONSTANT_CONVERSION = YES;
				CLANG_WARN_DEPRECATED_OBJC_IMPLEMENTATIONS = YES;
				CLANG_WARN_DIRECT_OBJC_ISA_USAGE = YES_ERROR;
				CLANG_WARN_DOCUMENTATION_COMMENTS = YES;
				CLANG_WARN_EMPTY_BODY = YES;
				CLANG_WARN_ENUM_CONVERSION = YES;
				CLANG_WARN_INFINITE_RECURSION = YES;
				CLANG_WARN_INT_CONVERSION = YES;
				CLANG_WARN_NON_LITERAL_NULL_CONVERSION = YES;
				CLANG_WARN_OBJC_IMPLICIT_RETAIN_SELF = YES;
				CLANG_WARN_OBJC_LITERAL_CONVERSION = YES;
				CLANG_WARN_OBJC_ROOT_CLASS = YES_ERROR;
				CLANG_WARN_RANGE_LOOP_ANALYSIS = YES;
				CLANG_WARN_STRICT_PROTOTYPES = YES;
				CLANG_WARN_SUSPICIOUS_MOVE = YES;
				CLANG_WARN_UNGUARDED_AVAILABILITY = YES_AGGRESSIVE;
				CLANG_WARN_UNREACHABLE_CODE = YES;
				CLANG_WARN__DUPLICATE_METHOD_MATCH = YES;
				COPY_PHASE_STRIP = NO;
				DEBUG_INFORMATION_FORMAT = dwarf;
				ENABLE_STRICT_OBJC_MSGSEND = YES;
				ENABLE_TESTABILITY = YES;
				GCC_C_LANGUAGE_STANDARD = gnu11;
				GCC_DYNAMIC_NO_PIC = NO;
				GCC_NO_COMMON_BLOCKS = YES;
				GCC_OPTIMIZATION_LEVEL = 0;
				GCC_PREPROCESSOR_DEFINITIONS = (
					"DEBUG=1",
					"$(inherited)",
				);
				GCC_WARN_64_TO_32_BIT_CONVERSION = YES;
				GCC_WARN_ABOUT_RETURN_TYPE = YES_ERROR;
				GCC_WARN_UNDECLARED_SELECTOR = YES;
				GCC_WARN_UNINITIALIZED_AUTOS = YES_AGGRESSIVE;
				GCC_WARN_UNUSED_FUNCTION = YES;
				GCC_WARN_UNUSED_VARIABLE = YES;
				IPHONEOS_DEPLOYMENT_TARGET = 13.5;
				MTL_ENABLE_DEBUG_INFO = INCLUDE_SOURCE;
				MTL_FAST_MATH = YES;
				ONLY_ACTIVE_ARCH = YES;
				SDKROOT = iphoneos;
				SWIFT_ACTIVE_COMPILATION_CONDITIONS = DEBUG;
				SWIFT_OPTIMIZATION_LEVEL = "-Onone";
			};
			name = Debug;
		};
		A1E4D6C22487287E00E6B045 /* Release */ = {
			isa = XCBuildConfiguration;
			buildSettings = {
				ALWAYS_SEARCH_USER_PATHS = NO;
				CLANG_ANALYZER_NONNULL = YES;
				CLANG_ANALYZER_NUMBER_OBJECT_CONVERSION = YES_AGGRESSIVE;
				CLANG_CXX_LANGUAGE_STANDARD = "gnu++14";
				CLANG_CXX_LIBRARY = "libc++";
				CLANG_ENABLE_MODULES = YES;
				CLANG_ENABLE_OBJC_ARC = YES;
				CLANG_ENABLE_OBJC_WEAK = YES;
				CLANG_WARN_BLOCK_CAPTURE_AUTORELEASING = YES;
				CLANG_WARN_BOOL_CONVERSION = YES;
				CLANG_WARN_COMMA = YES;
				CLANG_WARN_CONSTANT_CONVERSION = YES;
				CLANG_WARN_DEPRECATED_OBJC_IMPLEMENTATIONS = YES;
				CLANG_WARN_DIRECT_OBJC_ISA_USAGE = YES_ERROR;
				CLANG_WARN_DOCUMENTATION_COMMENTS = YES;
				CLANG_WARN_EMPTY_BODY = YES;
				CLANG_WARN_ENUM_CONVERSION = YES;
				CLANG_WARN_INFINITE_RECURSION = YES;
				CLANG_WARN_INT_CONVERSION = YES;
				CLANG_WARN_NON_LITERAL_NULL_CONVERSION = YES;
				CLANG_WARN_OBJC_IMPLICIT_RETAIN_SELF = YES;
				CLANG_WARN_OBJC_LITERAL_CONVERSION = YES;
				CLANG_WARN_OBJC_ROOT_CLASS = YES_ERROR;
				CLANG_WARN_RANGE_LOOP_ANALYSIS = YES;
				CLANG_WARN_STRICT_PROTOTYPES = YES;
				CLANG_WARN_SUSPICIOUS_MOVE = YES;
				CLANG_WARN_UNGUARDED_AVAILABILITY = YES_AGGRESSIVE;
				CLANG_WARN_UNREACHABLE_CODE = YES;
				CLANG_WARN__DUPLICATE_METHOD_MATCH = YES;
				COPY_PHASE_STRIP = NO;
				DEBUG_INFORMATION_FORMAT = "dwarf-with-dsym";
				ENABLE_NS_ASSERTIONS = NO;
				ENABLE_STRICT_OBJC_MSGSEND = YES;
				GCC_C_LANGUAGE_STANDARD = gnu11;
				GCC_NO_COMMON_BLOCKS = YES;
				GCC_WARN_64_TO_32_BIT_CONVERSION = YES;
				GCC_WARN_ABOUT_RETURN_TYPE = YES_ERROR;
				GCC_WARN_UNDECLARED_SELECTOR = YES;
				GCC_WARN_UNINITIALIZED_AUTOS = YES_AGGRESSIVE;
				GCC_WARN_UNUSED_FUNCTION = YES;
				GCC_WARN_UNUSED_VARIABLE = YES;
				IPHONEOS_DEPLOYMENT_TARGET = 13.5;
				MTL_ENABLE_DEBUG_INFO = NO;
				MTL_FAST_MATH = YES;
				SDKROOT = iphoneos;
				SWIFT_COMPILATION_MODE = wholemodule;
				SWIFT_OPTIMIZATION_LEVEL = "-O";
				VALIDATE_PRODUCT = YES;
			};
			name = Release;
		};
		A1E4D6C42487287E00E6B045 /* Debug */ = {
			isa = XCBuildConfiguration;
			buildSettings = {
				ASSETCATALOG_COMPILER_APPICON_NAME = AppIcon;
				CODE_SIGN_STYLE = Automatic;
				DEVELOPMENT_TEAM = 237KK6TUDF;
				INFOPLIST_FILE = KJY_TermProject/Info.plist;
				LD_RUNPATH_SEARCH_PATHS = (
					"$(inherited)",
					"@executable_path/Frameworks",
				);
				PRODUCT_BUNDLE_IDENTIFIER = "KimJiYeong.2020class.KJY-TermProject";
				PRODUCT_NAME = "$(TARGET_NAME)";
				SWIFT_VERSION = 5.0;
				TARGETED_DEVICE_FAMILY = "1,2";
			};
			name = Debug;
		};
		A1E4D6C52487287E00E6B045 /* Release */ = {
			isa = XCBuildConfiguration;
			buildSettings = {
				ASSETCATALOG_COMPILER_APPICON_NAME = AppIcon;
				CODE_SIGN_STYLE = Automatic;
				DEVELOPMENT_TEAM = 237KK6TUDF;
				INFOPLIST_FILE = KJY_TermProject/Info.plist;
				LD_RUNPATH_SEARCH_PATHS = (
					"$(inherited)",
					"@executable_path/Frameworks",
				);
				PRODUCT_BUNDLE_IDENTIFIER = "KimJiYeong.2020class.KJY-TermProject";
				PRODUCT_NAME = "$(TARGET_NAME)";
				SWIFT_VERSION = 5.0;
				TARGETED_DEVICE_FAMILY = "1,2";
			};
			name = Release;
		};
/* End XCBuildConfiguration section */

/* Begin XCConfigurationList section */
		A1E4D6AA2487287D00E6B045 /* Build configuration list for PBXProject "KJY_TermProject" */ = {
			isa = XCConfigurationList;
			buildConfigurations = (
				A1E4D6C12487287E00E6B045 /* Debug */,
				A1E4D6C22487287E00E6B045 /* Release */,
			);
			defaultConfigurationIsVisible = 0;
			defaultConfigurationName = Release;
		};
		A1E4D6C32487287E00E6B045 /* Build configuration list for PBXNativeTarget "KJY_TermProject" */ = {
			isa = XCConfigurationList;
			buildConfigurations = (
				A1E4D6C42487287E00E6B045 /* Debug */,
				A1E4D6C52487287E00E6B045 /* Release */,
			);
			defaultConfigurationIsVisible = 0;
			defaultConfigurationName = Release;
		};
/* End XCConfigurationList section */
	};
	rootObject = A1E4D6A72487287D00E6B045 /* Project object */;
}
